<Solution>
  <Project Path="CustomizationSample.csproj" />
  <Project Path="WitShells.XR.BasicSetup.Editor.csproj" />
  <Project Path="Unity.XR.Interaction.Toolkit.Samples.StarterAssets.csproj" />
  <Project Path="Assembly-CSharp.csproj" />
  <Project Path="Unity.XR.Interaction.Toolkit.Samples.Hands.Editor.csproj" />
  <Project Path="Unity.XR.Hands.Samples.VisualizerSample.csproj" />
  <Project Path="Unity.XR.Interaction.Toolkit.Samples.Hands.csproj" />
  <Project Path="WitShells.XR.BasicSetup.Runtime.csproj" />
  <Project Path="BakeryRuntimeAssembly.csproj" />
  <Project Path="WitShells.SphereRobot.Runtime.csproj" />
  <Project Path="WitShells.FaceDirection.Runtime.csproj" />
  <Project Path="WitShells.VR.AvatarSetup.Runtime.csproj" />
  <Project Path="Unity.XR.Interaction.Toolkit.Samples.StarterAssets.Editor.csproj" />
  <Project Path="WitShells.VR.AvatarSetup.Editor.csproj" />
  <Project Path="WitShells.HandSwing.Runtime.csproj" />
</Solution>
